
Microsoft Visual Studio Solution File, Format Version 12.00
# Visual Studio Version 17
VisualStudioVersion = 17.5.33627.172
MinimumVisualStudioVersion = 10.0.40219.1
Project("{FAE04EC0-301F-11D3-BF4B-00C04F79EFBC}") = "vonglap", "vonglap\vonglap.csproj", "{4E434CCE-7BAC-4E74-8FBA-6C9816EBE5D4}"
EndProject
Global
	GlobalSection(SolutionConfigurationPlatforms) = preSolution
		Debug|Any CPU = Debug|Any CPU
		Release|Any CPU = Release|Any CPU
	EndGlobalSection
	GlobalSection(ProjectConfigurationPlatforms) = postSolution
		{4E434CCE-7BAC-4E74-8FBA-6C9816EBE5D4}.Debug|Any CPU.ActiveCfg = Debug|Any CPU
		{4E434CCE-7BAC-4E74-8FBA-6C9816EBE5D4}.Debug|Any CPU.Build.0 = Debug|Any CPU
		{4E434CCE-7BAC-4E74-8FBA-6C9816EBE5D4}.Release|Any CPU.ActiveCfg = Release|Any CPU
		{4E434CCE-7BAC-4E74-8FBA-6C9816EBE5D4}.Release|Any CPU.Build.0 = Release|Any CPU
	EndGlobalSection
	GlobalSection(SolutionProperties) = preSolution
		HideSolutionNode = FALSE
	EndGlobalSection
	GlobalSection(ExtensibilityGlobals) = postSolution
		SolutionGuid = {CD3960FC-D3FA-4ED8-AB37-38248ADCB4EA}
	EndGlobalSection
EndGlobal
